
Microsoft Visual Studio Solution File, Format Version 12.00
# Visual Studio Version 16
VisualStudioVersion = 16.0.30320.27
MinimumVisualStudioVersion = 10.0.40219.1
Project("{8BC9CEB8-8B4A-11D0-8D11-00A0C91BC942}") = "Program WEEK 11", "Program WEEK 11\Program WEEK 11.vcxproj", "{18F25FFA-D6AD-49BF-A9D2-7EC74C8E425B}"
EndProject
Global
	GlobalSection(SolutionConfigurationPlatforms) = preSolution
		Debug|x64 = Debug|x64
		Debug|x86 = Debug|x86
		Release|x64 = Release|x64
		Release|x86 = Release|x86
	EndGlobalSection
	GlobalSection(ProjectConfigurationPlatforms) = postSolution
		{18F25FFA-D6AD-49BF-A9D2-7EC74C8E425B}.Debug|x64.ActiveCfg = Debug|x64
		{18F25FFA-D6AD-49BF-A9D2-7EC74C8E425B}.Debug|x64.Build.0 = Debug|x64
		{18F25FFA-D6AD-49BF-A9D2-7EC74C8E425B}.Debug|x86.ActiveCfg = Debug|Win32
		{18F25FFA-D6AD-49BF-A9D2-7EC74C8E425B}.Debug|x86.Build.0 = Debug|Win32
		{18F25FFA-D6AD-49BF-A9D2-7EC74C8E425B}.Release|x64.ActiveCfg = Release|x64
		{18F25FFA-D6AD-49BF-A9D2-7EC74C8E425B}.Release|x64.Build.0 = Release|x64
		{18F25FFA-D6AD-49BF-A9D2-7EC74C8E425B}.Release|x86.ActiveCfg = Release|Win32
		{18F25FFA-D6AD-49BF-A9D2-7EC74C8E425B}.Release|x86.Build.0 = Release|Win32
	EndGlobalSection
	GlobalSection(SolutionProperties) = preSolution
		HideSolutionNode = FALSE
	EndGlobalSection
	GlobalSection(ExtensibilityGlobals) = postSolution
		SolutionGuid = {4F7C260E-613A-4FD5-854B-132DC181FC49}
	EndGlobalSection
EndGlobal
